// !$*UTF8*$!
{
	archiveVersion = 1;
	classes = {
	};
	objectVersion = 50;
	objects = {

/* Begin PBXBuildFile section */
		8BCFD8E4244F27CB0065406E /* AppDelegate.swift in Sources */ = {isa = PBXBuildFile; fileRef = 8BCFD8E3244F27CB0065406E /* AppDelegate.swift */; };
		8BCFD8E6244F27CB0065406E /* SceneDelegate.swift in Sources */ = {isa = PBXBuildFile; fileRef = 8BCFD8E5244F27CB0065406E /* SceneDelegate.swift */; };
		8BCFD8E8244F27CB0065406E /* ViewController.swift in Sources */ = {isa = PBXBuildFile; fileRef = 8BCFD8E7244F27CB0065406E /* ViewController.swift */; };
		8BCFD8EB244F27CB0065406E /* Main.storyboard in Resources */ = {isa = PBXBuildFile; fileRef = 8BCFD8E9244F27CB0065406E /* Main.storyboard */; };
		8BCFD8ED244F27CD0065406E /* Assets.xcassets in Resources */ = {isa = PBXBuildFile; fileRef = 8BCFD8EC244F27CD0065406E /* Assets.xcassets */; };
		8BCFD8F0244F27CD0065406E /* LaunchScreen.storyboard in Resources */ = {isa = PBXBuildFile; fileRef = 8BCFD8EE244F27CD0065406E /* LaunchScreen.storyboard */; };
		8BCFD8F8244F28510065406E /* ChatViewController.swift in Sources */ = {isa = PBXBuildFile; fileRef = 8BCFD8F7244F28510065406E /* ChatViewController.swift */; };
		8BCFD8FC244F4A390065406E /* CustomContactHeader.swift in Sources */ = {isa = PBXBuildFile; fileRef = 8BCFD8FB244F4A390065406E /* CustomContactHeader.swift */; };
		8BCFD8FE244F4CE00065406E /* CustomContactHeader.xib in Resources */ = {isa = PBXBuildFile; fileRef = 8BCFD8FD244F4CE00065406E /* CustomContactHeader.xib */; };
		8BCFD900244F4EC90065406E /* User.swift in Sources */ = {isa = PBXBuildFile; fileRef = 8BCFD8FF244F4EC90065406E /* User.swift */; };
		8BCFD903244F70480065406E /* ProfileDetailController.swift in Sources */ = {isa = PBXBuildFile; fileRef = 8BCFD902244F70480065406E /* ProfileDetailController.swift */; };
/* End PBXBuildFile section */

/* Begin PBXFileReference section */
		8BCFD8E0244F27CB0065406E /* WhatsappNavigation.app */ = {isa = PBXFileReference; explicitFileType = wrapper.application; includeInIndex = 0; path = WhatsappNavigation.app; sourceTree = BUILT_PRODUCTS_DIR; };
		8BCFD8E3244F27CB0065406E /* AppDelegate.swift */ = {isa = PBXFileReference; lastKnownFileType = sourcecode.swift; path = AppDelegate.swift; sourceTree = "<group>"; };
		8BCFD8E5244F27CB0065406E /* SceneDelegate.swift */ = {isa = PBXFileReference; lastKnownFileType = sourcecode.swift; path = SceneDelegate.swift; sourceTree = "<group>"; };
		8BCFD8E7244F27CB0065406E /* ViewController.swift */ = {isa = PBXFileReference; lastKnownFileType = sourcecode.swift; path = ViewController.swift; sourceTree = "<group>"; };
		8BCFD8EA244F27CB0065406E /* Base */ = {isa = PBXFileReference; lastKnownFileType = file.storyboard; name = Base; path = Base.lproj/Main.storyboard; sourceTree = "<group>"; };
		8BCFD8EC244F27CD0065406E /* Assets.xcassets */ = {isa = PBXFileReference; lastKnownFileType = folder.assetcatalog; path = Assets.xcassets; sourceTree = "<group>"; };
		8BCFD8EF244F27CD0065406E /* Base */ = {isa = PBXFileReference; lastKnownFileType = file.storyboard; name = Base; path = Base.lproj/LaunchScreen.storyboard; sourceTree = "<group>"; };
		8BCFD8F1244F27CD0065406E /* Info.plist */ = {isa = PBXFileReference; lastKnownFileType = text.plist.xml; path = Info.plist; sourceTree = "<group>"; };
		8BCFD8F7244F28510065406E /* ChatViewController.swift */ = {isa = PBXFileReference; lastKnownFileType = sourcecode.swift; path = ChatViewController.swift; sourceTree = "<group>"; };
		8BCFD8FB244F4A390065406E /* CustomContactHeader.swift */ = {isa = PBXFileReference; lastKnownFileType = sourcecode.swift; path = CustomContactHeader.swift; sourceTree = "<group>"; };
		8BCFD8FD244F4CE00065406E /* CustomContactHeader.xib */ = {isa = PBXFileReference; lastKnownFileType = file.xib; path = CustomContactHeader.xib; sourceTree = "<group>"; };
		8BCFD8FF244F4EC90065406E /* User.swift */ = {isa = PBXFileReference; lastKnownFileType = sourcecode.swift; path = User.swift; sourceTree = "<group>"; };
		8BCFD902244F70480065406E /* ProfileDetailController.swift */ = {isa = PBXFileReference; lastKnownFileType = sourcecode.swift; path = ProfileDetailController.swift; sourceTree = "<group>"; };
/* End PBXFileReference section */

/* Begin PBXFrameworksBuildPhase section */
		8BCFD8DD244F27CB0065406E /* Frameworks */ = {
			isa = PBXFrameworksBuildPhase;
			buildActionMask = 2147483647;
			files = (
			);
			runOnlyForDeploymentPostprocessing = 0;
		};
/* End PBXFrameworksBuildPhase section */

/* Begin PBXGroup section */
		8BCFD8D7244F27CB0065406E = {
			isa = PBXGroup;
			children = (
				8BCFD8E2244F27CB0065406E /* WhatsappNavigation */,
				8BCFD8E1244F27CB0065406E /* Products */,
			);
			sourceTree = "<group>";
		};
		8BCFD8E1244F27CB0065406E /* Products */ = {
			isa = PBXGroup;
			children = (
				8BCFD8E0244F27CB0065406E /* WhatsappNavigation.app */,
			);
			name = Products;
			sourceTree = "<group>";
		};
		8BCFD8E2244F27CB0065406E /* WhatsappNavigation */ = {
			isa = PBXGroup;
			children = (
				8BCFD8F1244F27CD0065406E /* Info.plist */,
				8BCFD908244F71510065406E /* Data */,
				8BCFD907244F71490065406E /* Supporting Files */,
				8BCFD906244F711E0065406E /* Scenes */,
				8BCFD905244F71090065406E /* Resources */,
			);
			path = WhatsappNavigation;
			sourceTree = "<group>";
		};
		8BCFD8F9244F28970065406E /* Chat Scene */ = {
			isa = PBXGroup;
			children = (
				8BCFD8FA244F28A90065406E /* Header */,
				8BCFD8F7244F28510065406E /* ChatViewController.swift */,
			);
			path = "Chat Scene";
			sourceTree = "<group>";
		};
		8BCFD8FA244F28A90065406E /* Header */ = {
			isa = PBXGroup;
			children = (
				8BCFD8FB244F4A390065406E /* CustomContactHeader.swift */,
				8BCFD8FD244F4CE00065406E /* CustomContactHeader.xib */,
			);
			path = Header;
			sourceTree = "<group>";
		};
		8BCFD901244F70370065406E /* Profile Detail */ = {
			isa = PBXGroup;
			children = (
				8BCFD902244F70480065406E /* ProfileDetailController.swift */,
			);
			path = "Profile Detail";
			sourceTree = "<group>";
		};
		8BCFD904244F70F80065406E /* Main Screen */ = {
			isa = PBXGroup;
			children = (
				8BCFD8E7244F27CB0065406E /* ViewController.swift */,
			);
			path = "Main Screen";
			sourceTree = "<group>";
		};
		8BCFD905244F71090065406E /* Resources */ = {
			isa = PBXGroup;
			children = (
				8BCFD8E9244F27CB0065406E /* Main.storyboard */,
				8BCFD8EC244F27CD0065406E /* Assets.xcassets */,
				8BCFD8EE244F27CD0065406E /* LaunchScreen.storyboard */,
			);
			path = Resources;
			sourceTree = "<group>";
		};
		8BCFD906244F711E0065406E /* Scenes */ = {
			isa = PBXGroup;
			children = (
				8BCFD904244F70F80065406E /* Main Screen */,
				8BCFD901244F70370065406E /* Profile Detail */,
				8BCFD8F9244F28970065406E /* Chat Scene */,
			);
			path = Scenes;
			sourceTree = "<group>";
		};
		8BCFD907244F71490065406E /* Supporting Files */ = {
			isa = PBXGroup;
			children = (
				8BCFD8E5244F27CB0065406E /* SceneDelegate.swift */,
				8BCFD8E3244F27CB0065406E /* AppDelegate.swift */,
			);
			path = "Supporting Files";
			sourceTree = "<group>";
		};
		8BCFD908244F71510065406E /* Data */ = {
			isa = PBXGroup;
			children = (
				8BCFD8FF244F4EC90065406E /* User.swift */,
			);
			path = Data;
			sourceTree = "<group>";
		};
/* End PBXGroup section */

/* Begin PBXNativeTarget section */
		8BCFD8DF244F27CB0065406E /* WhatsappNavigation */ = {
			isa = PBXNativeTarget;
			buildConfigurationList = 8BCFD8F4244F27CD0065406E /* Build configuration list for PBXNativeTarget "WhatsappNavigation" */;
			buildPhases = (
				8BCFD8DC244F27CB0065406E /* Sources */,
				8BCFD8DD244F27CB0065406E /* Frameworks */,
				8BCFD8DE244F27CB0065406E /* Resources */,
			);
			buildRules = (
			);
			dependencies = (
			);
			name = WhatsappNavigation;
			productName = WhatsappNavigation;
			productReference = 8BCFD8E0244F27CB0065406E /* WhatsappNavigation.app */;
			productType = "com.apple.product-type.application";
		};
/* End PBXNativeTarget section */

/* Begin PBXProject section */
		8BCFD8D8244F27CB0065406E /* Project object */ = {
			isa = PBXProject;
			attributes = {
				LastSwiftUpdateCheck = 1130;
				LastUpgradeCheck = 1130;
				ORGANIZATIONNAME = "Varun Rathi";
				TargetAttributes = {
					8BCFD8DF244F27CB0065406E = {
						CreatedOnToolsVersion = 11.3;
					};
				};
			};
			buildConfigurationList = 8BCFD8DB244F27CB0065406E /* Build configuration list for PBXProject "WhatsappNavigation" */;
			compatibilityVersion = "Xcode 9.3";
			developmentRegion = en;
			hasScannedForEncodings = 0;
			knownRegions = (
				en,
				Base,
			);
			mainGroup = 8BCFD8D7244F27CB0065406E;
			productRefGroup = 8BCFD8E1244F27CB0065406E /* Products */;
			projectDirPath = "";
			projectRoot = "";
			targets = (
				8BCFD8DF244F27CB0065406E /* WhatsappNavigation */,
			);
		};
/* End PBXProject section */

/* Begin PBXResourcesBuildPhase section */
		8BCFD8DE244F27CB0065406E /* Resources */ = {
			isa = PBXResourcesBuildPhase;
			buildActionMask = 2147483647;
			files = (
				8BCFD8FE244F4CE00065406E /* CustomContactHeader.xib in Resources */,
				8BCFD8F0244F27CD0065406E /* LaunchScreen.storyboard in Resources */,
				8BCFD8ED244F27CD0065406E /* Assets.xcassets in Resources */,
				8BCFD8EB244F27CB0065406E /* Main.storyboard in Resources */,
			);
			runOnlyForDeploymentPostprocessing = 0;
		};
/* End PBXResourcesBuildPhase section */

/* Begin PBXSourcesBuildPhase section */
		8BCFD8DC244F27CB0065406E /* Sources */ = {
			isa = PBXSourcesBuildPhase;
			buildActionMask = 2147483647;
			files = (
				8BCFD8E8244F27CB0065406E /* ViewController.swift in Sources */,
				8BCFD8E4244F27CB0065406E /* AppDelegate.swift in Sources */,
				8BCFD900244F4EC90065406E /* User.swift in Sources */,
				8BCFD8F8244F28510065406E /* ChatViewController.swift in Sources */,
				8BCFD8FC244F4A390065406E /* CustomContactHeader.swift in Sources */,
				8BCFD903244F70480065406E /* ProfileDetailController.swift in Sources */,
				8BCFD8E6244F27CB0065406E /* SceneDelegate.swift in Sources */,
			);
			runOnlyForDeploymentPostprocessing = 0;
		};
/* End PBXSourcesBuildPhase section */

/* Begin PBXVariantGroup section */
		8BCFD8E9244F27CB0065406E /* Main.storyboard */ = {
			isa = PBXVariantGroup;
			children = (
				8BCFD8EA244F27CB0065406E /* Base */,
			);
			name = Main.storyboard;
			sourceTree = "<group>";
		};
		8BCFD8EE244F27CD0065406E /* LaunchScreen.storyboard */ = {
			isa = PBXVariantGroup;
			children = (
				8BCFD8EF244F27CD0065406E /* Base */,
			);
			name = LaunchScreen.storyboard;
			sourceTree = "<group>";
		};
/* End PBXVariantGroup section */

/* Begin XCBuildConfiguration section */
		8BCFD8F2244F27CD0065406E /* Debug */ = {
			isa = XCBuildConfiguration;
			buildSettings = {
				ALWAYS_SEARCH_USER_PATHS = NO;
				CLANG_ANALYZER_NONNULL = YES;
				CLANG_ANALYZER_NUMBER_OBJECT_CONVERSION = YES_AGGRESSIVE;
				CLANG_CXX_LANGUAGE_STANDARD = "gnu++14";
				CLANG_CXX_LIBRARY = "libc++";
				CLANG_ENABLE_MODULES = YES;
				CLANG_ENABLE_OBJC_ARC = YES;
				CLANG_ENABLE_OBJC_WEAK = YES;
				CLANG_WARN_BLOCK_CAPTURE_AUTORELEASING = YES;
				CLANG_WARN_BOOL_CONVERSION = YES;
				CLANG_WARN_COMMA = YES;
				CLANG_WARN_CONSTANT_CONVERSION = YES;
				CLANG_WARN_DEPRECATED_OBJC_IMPLEMENTATIONS = YES;
				CLANG_WARN_DIRECT_OBJC_ISA_USAGE = YES_ERROR;
				CLANG_WARN_DOCUMENTATION_COMMENTS = YES;
				CLANG_WARN_EMPTY_BODY = YES;
				CLANG_WARN_ENUM_CONVERSION = YES;
				CLANG_WARN_INFINITE_RECURSION = YES;
				CLANG_WARN_INT_CONVERSION = YES;
				CLANG_WARN_NON_LITERAL_NULL_CONVERSION = YES;
				CLANG_WARN_OBJC_IMPLICIT_RETAIN_SELF = YES;
				CLANG_WARN_OBJC_LITERAL_CONVERSION = YES;
				CLANG_WARN_OBJC_ROOT_CLASS = YES_ERROR;
				CLANG_WARN_RANGE_LOOP_ANALYSIS = YES;
				CLANG_WARN_STRICT_PROTOTYPES = YES;
				CLANG_WARN_SUSPICIOUS_MOVE = YES;
				CLANG_WARN_UNGUARDED_AVAILABILITY = YES_AGGRESSIVE;
				CLANG_WARN_UNREACHABLE_CODE = YES;
				CLANG_WARN__DUPLICATE_METHOD_MATCH = YES;
				COPY_PHASE_STRIP = NO;
				DEBUG_INFORMATION_FORMAT = dwarf;
				ENABLE_STRICT_OBJC_MSGSEND = YES;
				ENABLE_TESTABILITY = YES;
				GCC_C_LANGUAGE_STANDARD = gnu11;
				GCC_DYNAMIC_NO_PIC = NO;
				GCC_NO_COMMON_BLOCKS = YES;
				GCC_OPTIMIZATION_LEVEL = 0;
				GCC_PREPROCESSOR_DEFINITIONS = (
					"DEBUG=1",
					"$(inherited)",
				);
				GCC_WARN_64_TO_32_BIT_CONVERSION = YES;
				GCC_WARN_ABOUT_RETURN_TYPE = YES_ERROR;
				GCC_WARN_UNDECLARED_SELECTOR = YES;
				GCC_WARN_UNINITIALIZED_AUTOS = YES_AGGRESSIVE;
				GCC_WARN_UNUSED_FUNCTION = YES;
				GCC_WARN_UNUSED_VARIABLE = YES;
				IPHONEOS_DEPLOYMENT_TARGET = 13.2;
				MTL_ENABLE_DEBUG_INFO = INCLUDE_SOURCE;
				MTL_FAST_MATH = YES;
				ONLY_ACTIVE_ARCH = YES;
				SDKROOT = iphoneos;
				SWIFT_ACTIVE_COMPILATION_CONDITIONS = DEBUG;
				SWIFT_OPTIMIZATION_LEVEL = "-Onone";
			};
			name = Debug;
		};
		8BCFD8F3244F27CD0065406E /* Release */ = {
			isa = XCBuildConfiguration;
			buildSettings = {
				ALWAYS_SEARCH_USER_PATHS = NO;
				CLANG_ANALYZER_NONNULL = YES;
				CLANG_ANALYZER_NUMBER_OBJECT_CONVERSION = YES_AGGRESSIVE;
				CLANG_CXX_LANGUAGE_STANDARD = "gnu++14";
				CLANG_CXX_LIBRARY = "libc++";
				CLANG_ENABLE_MODULES = YES;
				CLANG_ENABLE_OBJC_ARC = YES;
				CLANG_ENABLE_OBJC_WEAK = YES;
				CLANG_WARN_BLOCK_CAPTURE_AUTORELEASING = YES;
				CLANG_WARN_BOOL_CONVERSION = YES;
				CLANG_WARN_COMMA = YES;
				CLANG_WARN_CONSTANT_CONVERSION = YES;
				CLANG_WARN_DEPRECATED_OBJC_IMPLEMENTATIONS = YES;
				CLANG_WARN_DIRECT_OBJC_ISA_USAGE = YES_ERROR;
				CLANG_WARN_DOCUMENTATION_COMMENTS = YES;
				CLANG_WARN_EMPTY_BODY = YES;
				CLANG_WARN_ENUM_CONVERSION = YES;
				CLANG_WARN_INFINITE_RECURSION = YES;
				CLANG_WARN_INT_CONVERSION = YES;
				CLANG_WARN_NON_LITERAL_NULL_CONVERSION = YES;
				CLANG_WARN_OBJC_IMPLICIT_RETAIN_SELF = YES;
				CLANG_WARN_OBJC_LITERAL_CONVERSION = YES;
				CLANG_WARN_OBJC_ROOT_CLASS = YES_ERROR;
				CLANG_WARN_RANGE_LOOP_ANALYSIS = YES;
				CLANG_WARN_STRICT_PROTOTYPES = YES;
				CLANG_WARN_SUSPICIOUS_MOVE = YES;
				CLANG_WARN_UNGUARDED_AVAILABILITY = YES_AGGRESSIVE;
				CLANG_WARN_UNREACHABLE_CODE = YES;
				CLANG_WARN__DUPLICATE_METHOD_MATCH = YES;
				COPY_PHASE_STRIP = NO;
				DEBUG_INFORMATION_FORMAT = "dwarf-with-dsym";
				ENABLE_NS_ASSERTIONS = NO;
				ENABLE_STRICT_OBJC_MSGSEND = YES;
				GCC_C_LANGUAGE_STANDARD = gnu11;
				GCC_NO_COMMON_BLOCKS = YES;
				GCC_WARN_64_TO_32_BIT_CONVERSION = YES;
				GCC_WARN_ABOUT_RETURN_TYPE = YES_ERROR;
				GCC_WARN_UNDECLARED_SELECTOR = YES;
				GCC_WARN_UNINITIALIZED_AUTOS = YES_AGGRESSIVE;
				GCC_WARN_UNUSED_FUNCTION = YES;
				GCC_WARN_UNUSED_VARIABLE = YES;
				IPHONEOS_DEPLOYMENT_TARGET = 13.2;
				MTL_ENABLE_DEBUG_INFO = NO;
				MTL_FAST_MATH = YES;
				SDKROOT = iphoneos;
				SWIFT_COMPILATION_MODE = wholemodule;
				SWIFT_OPTIMIZATION_LEVEL = "-O";
				VALIDATE_PRODUCT = YES;
			};
			name = Release;
		};
		8BCFD8F5244F27CD0065406E /* Debug */ = {
			isa = XCBuildConfiguration;
			buildSettings = {
				ASSETCATALOG_COMPILER_APPICON_NAME = AppIcon;
				CODE_SIGN_STYLE = Automatic;
				INFOPLIST_FILE = WhatsappNavigation/Info.plist;
				LD_RUNPATH_SEARCH_PATHS = (
					"$(inherited)",
					"@executable_path/Frameworks",
				);
				PRODUCT_BUNDLE_IDENTIFIER = com.vrat28.WhatsappNavigation;
				PRODUCT_NAME = "$(TARGET_NAME)";
				SWIFT_VERSION = 5.0;
				TARGETED_DEVICE_FAMILY = "1,2";
			};
			name = Debug;
		};
		8BCFD8F6244F27CD0065406E /* Release */ = {
			isa = XCBuildConfiguration;
			buildSettings = {
				ASSETCATALOG_COMPILER_APPICON_NAME = AppIcon;
				CODE_SIGN_STYLE = Automatic;
				INFOPLIST_FILE = WhatsappNavigation/Info.plist;
				LD_RUNPATH_SEARCH_PATHS = (
					"$(inherited)",
					"@executable_path/Frameworks",
				);
				PRODUCT_BUNDLE_IDENTIFIER = com.vrat28.WhatsappNavigation;
				PRODUCT_NAME = "$(TARGET_NAME)";
				SWIFT_VERSION = 5.0;
				TARGETED_DEVICE_FAMILY = "1,2";
			};
			name = Release;
		};
/* End XCBuildConfiguration section */

/* Begin XCConfigurationList section */
		8BCFD8DB244F27CB0065406E /* Build configuration list for PBXProject "WhatsappNavigation" */ = {
			isa = XCConfigurationList;
			buildConfigurations = (
				8BCFD8F2244F27CD0065406E /* Debug */,
				8BCFD8F3244F27CD0065406E /* Release */,
			);
			defaultConfigurationIsVisible = 0;
			defaultConfigurationName = Release;
		};
		8BCFD8F4244F27CD0065406E /* Build configuration list for PBXNativeTarget "WhatsappNavigation" */ = {
			isa = XCConfigurationList;
			buildConfigurations = (
				8BCFD8F5244F27CD0065406E /* Debug */,
				8BCFD8F6244F27CD0065406E /* Release */,
			);
			defaultConfigurationIsVisible = 0;
			defaultConfigurationName = Release;
		};
/* End XCConfigurationList section */
	};
	rootObject = 8BCFD8D8244F27CB0065406E /* Project object */;
}
